
Microsoft Visual Studio Solution File, Format Version 12.00
# Visual Studio Version 16
VisualStudioVersion = 16.0.30523.141
MinimumVisualStudioVersion = 10.0.40219.1
Project("{FAE04EC0-301F-11D3-BF4B-00C04F79EFBC}") = "ASPNETMVC_Dionisius", "ASPNETMVC_Dionisius\ASPNETMVC_Dionisius.csproj", "{05C27E43-0DCC-4D66-A5E3-8E1558996C63}"
EndProject
Global
	GlobalSection(SolutionConfigurationPlatforms) = preSolution
		Debug|Any CPU = Debug|Any CPU
		Release|Any CPU = Release|Any CPU
	EndGlobalSection
	GlobalSection(ProjectConfigurationPlatforms) = postSolution
		{05C27E43-0DCC-4D66-A5E3-8E1558996C63}.Debug|Any CPU.ActiveCfg = Debug|Any CPU
		{05C27E43-0DCC-4D66-A5E3-8E1558996C63}.Debug|Any CPU.Build.0 = Debug|Any CPU
		{05C27E43-0DCC-4D66-A5E3-8E1558996C63}.Release|Any CPU.ActiveCfg = Release|Any CPU
		{05C27E43-0DCC-4D66-A5E3-8E1558996C63}.Release|Any CPU.Build.0 = Release|Any CPU
	EndGlobalSection
	GlobalSection(SolutionProperties) = preSolution
		HideSolutionNode = FALSE
	EndGlobalSection
	GlobalSection(ExtensibilityGlobals) = postSolution
		SolutionGuid = {B84A8E71-0686-4076-AC40-01B9888CE822}
	EndGlobalSection
EndGlobal
